
Microsoft Visual Studio Solution File, Format Version 12.00
# Visual Studio Version 17
VisualStudioVersion = 17.0.32112.339
MinimumVisualStudioVersion = 10.0.40219.1
Project("{9A19103F-16F7-4668-BE54-9A1E7A4F7556}") = "WebApp", "WebApp\WebApp.csproj", "{60866F0D-3F49-4B16-90B4-40C08186659A}"
EndProject
Global
	GlobalSection(SolutionConfigurationPlatforms) = preSolution
		Debug|Any CPU = Debug|Any CPU
		Release|Any CPU = Release|Any CPU
	EndGlobalSection
	GlobalSection(ProjectConfigurationPlatforms) = postSolution
		{60866F0D-3F49-4B16-90B4-40C08186659A}.Debug|Any CPU.ActiveCfg = Debug|Any CPU
		{60866F0D-3F49-4B16-90B4-40C08186659A}.Debug|Any CPU.Build.0 = Debug|Any CPU
		{60866F0D-3F49-4B16-90B4-40C08186659A}.Release|Any CPU.ActiveCfg = Release|Any CPU
		{60866F0D-3F49-4B16-90B4-40C08186659A}.Release|Any CPU.Build.0 = Release|Any CPU
	EndGlobalSection
	GlobalSection(SolutionProperties) = preSolution
		HideSolutionNode = FALSE
	EndGlobalSection
	GlobalSection(ExtensibilityGlobals) = postSolution
		SolutionGuid = {5973B47D-8ECA-4D30-991D-FD4FCDF9A658}
	EndGlobalSection
EndGlobal
